{
  "projects": [
    {
      "projectId": "eiC1VCbma8t6iMexZerqLa",
      "version": "5.1.0",
      "dependencies": {},
      "lang": "js",
      "fileLocks": [
        {
          "assetId": "eiC1VCbma8t6iMexZerqLa",
          "type": "projectCss",
          "checksum": "db193106f1a1ff7d7895244062914f46"
        },
        {
          "assetId": "eiC1VCbma8t6iMexZerqLa",
          "checksum": "773262eff078af664c4d91350459d2e2",
          "type": "globalContexts"
        }
      ],
      "codegenVersion": "0.0.1"
    },
    {
      "projectId": "xp1p7dmg329XVLHyuEUxD2",
      "version": "11.2.0",
      "dependencies": {},
      "lang": "js",
      "fileLocks": [
        {
          "assetId": "xp1p7dmg329XVLHyuEUxD2",
          "type": "projectCss",
          "checksum": "80d3bf2b0ee2970a706ae0d3423e8a83"
        }
      ],
      "codegenVersion": "0.0.1"
    },
    {
      "projectId": "seaQhLVS4bbjiGvJJrRwyL",
      "version": "15.0.3",
      "dependencies": {},
      "lang": "js",
      "fileLocks": [
        {
          "assetId": "seaQhLVS4bbjiGvJJrRwyL",
          "type": "projectCss",
          "checksum": "92fb3f0ca07a8916b2b57cc87f1b539e"
        }
      ],
      "codegenVersion": "0.0.1"
    },
    {
      "projectId": "rbPHTCCgxa1NtQh9SvuYvu",
      "version": "latest",
      "dependencies": {
        "seaQhLVS4bbjiGvJJrRwyL": "15.0.3",
        "xp1p7dmg329XVLHyuEUxD2": "11.2.0",
        "eiC1VCbma8t6iMexZerqLa": "5.1.0"
      },
      "lang": "js",
      "fileLocks": [
        {
          "type": "globalVariant",
          "assetId": "1mD7zHfJHI7dYN",
          "checksum": "f8727785d7050263ec1d472441ba3e17"
        },
        {
          "assetId": "rbPHTCCgxa1NtQh9SvuYvu",
          "type": "projectCss",
          "checksum": "608f1fd2ff2c9ba762e23daae743de13"
        },
        {
          "assetId": "rbPHTCCgxa1NtQh9SvuYvu",
          "checksum": "dc8c189b7429ed49bae690ba4d5d27e4",
          "type": "globalContexts"
        },
        {
          "type": "renderModule",
          "assetId": "DgTFbRqNOZbea",
          "checksum": "4f67c12248714c6c9b1e99cb0afa7c1a"
        },
        {
          "type": "cssRules",
          "assetId": "DgTFbRqNOZbea",
          "checksum": "4f67c12248714c6c9b1e99cb0afa7c1a"
        },
        {
          "type": "renderModule",
          "assetId": "pxvQuH8cjTN_Y",
          "checksum": "d2596b16c909b88c49f83570d1755f98"
        },
        {
          "type": "cssRules",
          "assetId": "pxvQuH8cjTN_Y",
          "checksum": "d2596b16c909b88c49f83570d1755f98"
        },
        {
          "type": "renderModule",
          "assetId": "ztWaYrrZWHF_l",
          "checksum": "98c909a339cc80dda29a3145dc652b6b"
        },
        {
          "type": "cssRules",
          "assetId": "ztWaYrrZWHF_l",
          "checksum": "98c909a339cc80dda29a3145dc652b6b"
        },
        {
          "type": "renderModule",
          "assetId": "3lBDsZTQiUGit",
          "checksum": "a3b3acab4d5515f1f2bee9ed9022ab75"
        },
        {
          "type": "cssRules",
          "assetId": "3lBDsZTQiUGit",
          "checksum": "a3b3acab4d5515f1f2bee9ed9022ab75"
        },
        {
          "type": "renderModule",
          "assetId": "MXvMmBE7ryTu3",
          "checksum": "0346e7ce6d90187ae8f1b056dc1361ee"
        },
        {
          "type": "cssRules",
          "assetId": "MXvMmBE7ryTu3",
          "checksum": "0346e7ce6d90187ae8f1b056dc1361ee"
        },
        {
          "type": "renderModule",
          "assetId": "dlrqhj701dimA",
          "checksum": "c1ec1e213dc597fb64a5ae13b613e16a"
        },
        {
          "type": "cssRules",
          "assetId": "dlrqhj701dimA",
          "checksum": "c1ec1e213dc597fb64a5ae13b613e16a"
        },
        {
          "type": "renderModule",
          "assetId": "u1zH5QXSmcg4i",
          "checksum": "4764b03584ef627f2090cfb018cfec9a"
        },
        {
          "type": "cssRules",
          "assetId": "u1zH5QXSmcg4i",
          "checksum": "4764b03584ef627f2090cfb018cfec9a"
        },
        {
          "type": "renderModule",
          "assetId": "pJaTTuLIzYklDL",
          "checksum": "83372f5f30d1267dd275e736e3578f12"
        },
        {
          "type": "cssRules",
          "assetId": "pJaTTuLIzYklDL",
          "checksum": "83372f5f30d1267dd275e736e3578f12"
        },
        {
          "type": "renderModule",
          "assetId": "vuLgzHtUGA83Yi",
          "checksum": "425c83ca6a148c224feac29e86c46f78"
        },
        {
          "type": "cssRules",
          "assetId": "vuLgzHtUGA83Yi",
          "checksum": "425c83ca6a148c224feac29e86c46f78"
        },
        {
          "type": "renderModule",
          "assetId": "oRvUkHBF3bcFzv",
          "checksum": "53d888c72b5367c3501ae6bb3a6bfdba"
        },
        {
          "type": "cssRules",
          "assetId": "oRvUkHBF3bcFzv",
          "checksum": "53d888c72b5367c3501ae6bb3a6bfdba"
        },
        {
          "type": "renderModule",
          "assetId": "MymVTz9DK7ENL1",
          "checksum": "2700eab36cb1ee8d4c5befe6f2e9045b"
        },
        {
          "type": "cssRules",
          "assetId": "MymVTz9DK7ENL1",
          "checksum": "2700eab36cb1ee8d4c5befe6f2e9045b"
        },
        {
          "type": "icon",
          "assetId": "T-nPFRR3cyQbzV",
          "checksum": "e3a81fa5f54428e675663fc5fc2cfb3e"
        },
        {
          "type": "icon",
          "assetId": "FScUavZ9h_j_MC",
          "checksum": "275346e68194b7195c2e035496040f2a"
        },
        {
          "type": "icon",
          "assetId": "C6Vuon0-RgWq-W",
          "checksum": "530422bb31a4ba1eb0ec541d40ebed9c"
        },
        {
          "type": "icon",
          "assetId": "vFU6-iIi36JBNv",
          "checksum": "e16a482b2d17160048c5251df9c3a546"
        },
        {
          "type": "icon",
          "assetId": "b_-juCRIBYi-1u",
          "checksum": "3e5b44b13e9ad6b9ef8404e46d768340"
        },
        {
          "type": "icon",
          "assetId": "7GGVL3xmZY8OEV",
          "checksum": "32126f5b07064c831b6dfa5d0f27d800"
        },
        {
          "type": "icon",
          "assetId": "X-ISSIPmiTpNih",
          "checksum": "ec3e6f0edff39b7cc86618caacf293e2"
        },
        {
          "type": "icon",
          "assetId": "d5DI-seNA5mX2y",
          "checksum": "56d5d683e741e5864f4d73df989a48cd"
        },
        {
          "type": "icon",
          "assetId": "mQ96PunwWkDunw",
          "checksum": "cb290847dfb7ebc47022cb37b5649432"
        },
        {
          "type": "icon",
          "assetId": "4LyPVN850ATXpd",
          "checksum": "80d1f2a8995285dfa1d00b0cc1cd84b7"
        },
        {
          "type": "icon",
          "assetId": "dtEA0BzlAwwn0x",
          "checksum": "03d67585fd85b717fbc22704ec982ba5"
        },
        {
          "type": "icon",
          "assetId": "bGaEcsnnCGvV8k",
          "checksum": "dfab7be1d5473b94d74916c66d17c55f"
        },
        {
          "type": "icon",
          "assetId": "HXpCUfDkgRXoAZ",
          "checksum": "67388110e64313f121f12ca029e589fe"
        },
        {
          "type": "icon",
          "assetId": "Tvxl9UoaY6t246",
          "checksum": "3db6fe80d11876b13bd8ce4ec9f6c96b"
        },
        {
          "type": "icon",
          "assetId": "v51A-rNPqee2i7",
          "checksum": "e74b72cbbeed7a7cae70dfb12c3f64ce"
        },
        {
          "type": "icon",
          "assetId": "XIL4VrvZvzt5Zr",
          "checksum": "48fd7c36694b6700537269091f0215f1"
        },
        {
          "type": "icon",
          "assetId": "psKycC_3DEhQW-",
          "checksum": "55e56e5a3b1defc3f86766bd3a4f83ac"
        },
        {
          "type": "image",
          "assetId": "4xvZcLVnY6d2NJ",
          "checksum": "39d0344e49e82f91d37d5dec6578b230"
        },
        {
          "type": "image",
          "assetId": "5pj7bt4ctqyyUq",
          "checksum": "53888a41a79c9a24ae35e7adff5d19ee"
        },
        {
          "type": "image",
          "assetId": "2TYPY5hr0HAzyt",
          "checksum": "9e45634a3a40d57195cb05e6804d7571"
        },
        {
          "type": "image",
          "assetId": "alGatDJQZZJoIO",
          "checksum": "75ec5b59f374188ee22b09d35243f5a3"
        },
        {
          "type": "image",
          "assetId": "zae_XyflE3DEDc",
          "checksum": "2f22e4b47d64b128645c6fe16022ea9b"
        },
        {
          "type": "image",
          "assetId": "9DQ3i8xL54Q5u7",
          "checksum": "cc54619c68ce7c5c87b61f6a85122d76"
        },
        {
          "type": "image",
          "assetId": "qC3ZJUjFwUS9AR",
          "checksum": "dcf98cfd61f7be32c23c0c04262011d4"
        },
        {
          "type": "image",
          "assetId": "v9cdRb4tjB60wj",
          "checksum": "97b6df812fcf24a7f0588b551a39d590"
        },
        {
          "type": "image",
          "assetId": "i87xb7i8QPmVLc",
          "checksum": "3e1a168b620291d335a98f375fbefcd9"
        },
        {
          "type": "image",
          "assetId": "GSCztkOeov4aSn",
          "checksum": "09688d39df6ca379eaf7f2e6f471a524"
        },
        {
          "type": "image",
          "assetId": "Pecn0FrUHe8Fj7",
          "checksum": "72e6a54e8ca95027ce1377b91c10023c"
        },
        {
          "type": "image",
          "assetId": "cYGNkO_lUuLjHF",
          "checksum": "6a448c9190347ce8bc189ac0589aad8c"
        },
        {
          "type": "image",
          "assetId": "gVhyZjlZXP1JvG",
          "checksum": "7c06db5c94849ddb98e23b0814d41307"
        },
        {
          "type": "image",
          "assetId": "RXIbX1dGftjo05",
          "checksum": "76b59b946b0b61c090804cc9b3634106"
        },
        {
          "type": "image",
          "assetId": "JGGTNJWwjRg9n2",
          "checksum": "bafa5f0c960911783b177120631223eb"
        },
        {
          "type": "image",
          "assetId": "sSn0luSf8YKK5B",
          "checksum": "fe83292c3361e27fa843aba57b435f68"
        },
        {
          "type": "image",
          "assetId": "wtuoBDbqNO7nbO",
          "checksum": "d9a1758c5f42e9354c0c3cef1e511cf3"
        },
        {
          "type": "image",
          "assetId": "TzQxhvTaliu_QP",
          "checksum": "b71d1947c7a62a99163e6cc2e0b2a615"
        },
        {
          "type": "image",
          "assetId": "LS_fCztoVNJyug",
          "checksum": "85bc43f43294ed8ed141fd7ba4c154f2"
        },
        {
          "type": "image",
          "assetId": "EPQtLHogeSI0KE",
          "checksum": "5a881715f1c285f6f230374e6b6975bd"
        },
        {
          "type": "image",
          "assetId": "k9Ko6dy1Tr1N10",
          "checksum": "b5120d05308d08b54017a06e7a946172"
        },
        {
          "type": "image",
          "assetId": "joXDrGLfTb9ne4",
          "checksum": "657b4271a2d9ec0c568f572988e03ab7"
        },
        {
          "type": "image",
          "assetId": "uekuSDcVMGVwKg",
          "checksum": "ad2125a494c600bedd16c4eef9701e76"
        },
        {
          "type": "image",
          "assetId": "J9vlEo_UfI32dT",
          "checksum": "c1017513c36cc2a7f90dfff7606c704c"
        },
        {
          "type": "image",
          "assetId": "i9ZFak3lQ0cr3-",
          "checksum": "e9ffc5d6cc7b83ee2780d4af282c85dd"
        }
      ],
      "codegenVersion": "0.0.1"
    }
  ],
  "cliVersion": "0.1.184"
}
